<Solution>
  <Configurations>
    <Platform Name="x64" />
    <Platform Name="x86" />
  </Configurations>
  <Folder Name="/初级-实战/">
    <Project Path="初级-实战/通讯录管理系统/通讯录管理系统.vcxproj" Id="0c4820b7-8f4d-49cd-8fe4-4a72b111add3" />
  </Folder>
  <Folder Name="/初级/">
    <Project Path="初级/C++初识/C++初识.vcxproj" Id="4b0ae516-d92d-495a-b8e2-ebf538eebfd2" />
    <Project Path="初级/函数/函数.vcxproj" Id="f15b78c1-7693-4177-aa07-070debef95e8" />
    <Project Path="初级/指针/指针.vcxproj" Id="42dd36a5-ab59-4f17-9621-12cd471a75cf" />
    <Project Path="初级/数据类型/数据类型.vcxproj" Id="054adb5d-4feb-4f30-a221-96122430220e" />
    <Project Path="初级/数组/数组.vcxproj" Id="6f56fc20-5b81-4ffc-a104-740026f97e01" />
    <Project Path="初级/程序流程结构/程序流程结构.vcxproj" Id="3596e197-6c92-418f-b421-5502b205296c" />
    <Project Path="初级/程序流程结构2/程序流程结构2.vcxproj" Id="b44c38ef-b133-4bf2-9f55-69c35e234a93" />
    <Project Path="初级/程序流程结构3/程序流程结构3.vcxproj" Id="74c70128-fb6c-4fa4-b2a6-e7164a804937" />
    <Project Path="初级/结构体/结构体.vcxproj" Id="5afa7b00-7e79-428d-9534-28efdbff49de" />
    <Project Path="初级/运算符/运算符.vcxproj" Id="8abe4e5c-2bcd-46a8-9057-8771d9d21c74" />
  </Folder>
  <Folder Name="/提高/">
    <Project Path="提高/01函数模板语法/01函数模板语法.vcxproj" Id="a021d285-8178-4e86-bace-d777c02a3de3" />
  </Folder>
  <Folder Name="/核心-实战/">
    <Project Path="核心-实战/职工管理系统/职工管理系统.vcxproj" Id="6f1393c5-e23c-4990-a1d6-3e20711e544b" />
  </Folder>
  <Folder Name="/核心/">
    <Project Path="核心/C++对象模型和this指针/C++对象模型和this指针.vcxproj" Id="1358e270-d8a4-4e6a-a867-b56aa0207dc5" />
    <Project Path="核心/内存四区/内存四区.vcxproj" Id="f2296f89-2c0b-4e26-80f6-ee836f89fd5d" />
    <Project Path="核心/函数高级/函数高级.vcxproj" Id="5c1ef9a4-6915-44fb-a865-8623ccccb980" />
    <Project Path="核心/友元/友元.vcxproj" Id="e04d6aab-2c2a-4dc4-b725-8e7fdc466b45" />
    <Project Path="核心/多态/多态.vcxproj" Id="4d85d3ca-dc64-4dbb-b2cd-158d1ae11003" />
    <Project Path="核心/对象的初始化和清理/对象的初始化和清理.vcxproj" Id="31a85b55-9286-479c-a13e-8f57332656d2" />
    <Project Path="核心/引用/引用.vcxproj" Id="9bce3746-b542-43c6-a569-899d8857acc3" />
    <Project Path="核心/文件/文件.vcxproj" Id="44ea39c2-b1f3-405f-b472-48c26c5710ef" />
    <Project Path="核心/类和对象-封装/类和对象-封装.vcxproj" Id="b517d38c-bb7d-4139-87c3-a9c13975a08c" />
    <Project Path="核心/继承/继承.vcxproj" Id="989a2bfe-bc52-483d-9f08-df6b840606b2" />
    <Project Path="核心/运算符重载/运算符重载.vcxproj" Id="dfebc4f0-4448-43f3-9ed2-9e2dc0b554bb" />
  </Folder>
</Solution>
